Microsoft Visual Studio Solution File, Format Version 12.00
# Visual Studio Version 17
VisualStudioVersion = 17.5.2.0
MinimumVisualStudioVersion = 10.0.40219.1
Project("{FAE04EC0-301F-11D3-BF4B-00C04F79EFBC}") = "Valheim-Climbing-Mod", "Valheim-Climbing-Mod.csproj", "{1547D47A-28EB-7BCA-4F74-E76FA46D39CE}"
EndProject
Global
	GlobalSection(SolutionConfigurationPlatforms) = preSolution
		Debug|Any CPU = Debug|Any CPU
		Release|Any CPU = Release|Any CPU
	EndGlobalSection
	GlobalSection(ProjectConfigurationPlatforms) = postSolution
		{1547D47A-28EB-7BCA-4F74-E76FA46D39CE}.Debug|Any CPU.ActiveCfg = Debug|Any CPU
		{1547D47A-28EB-7BCA-4F74-E76FA46D39CE}.Debug|Any CPU.Build.0 = Debug|Any CPU
		{1547D47A-28EB-7BCA-4F74-E76FA46D39CE}.Release|Any CPU.ActiveCfg = Release|Any CPU
		{1547D47A-28EB-7BCA-4F74-E76FA46D39CE}.Release|Any CPU.Build.0 = Release|Any CPU
	EndGlobalSection
	GlobalSection(SolutionProperties) = preSolution
		HideSolutionNode = FALSE
	EndGlobalSection
	GlobalSection(ExtensibilityGlobals) = postSolution
		SolutionGuid = {7AC2C010-7356-4A51-999C-F745ECE2CEFB}
	EndGlobalSection
EndGlobal
